
Microsoft Visual Studio Solution File, Format Version 12.00
# Visual Studio Version 16
VisualStudioVersion = 16.0.35425.106
MinimumVisualStudioVersion = 10.0.40219.1
Project("{FAE04EC0-301F-11D3-BF4B-00C04F79EFBC}") = "EmuTrainStopBar", "EmuTrainStopBar\EmuTrainStopBar.csproj", "{AC1B47BF-8B70-4D0A-8879-057A41BFD05A}"
EndProject
Global
	GlobalSection(SolutionConfigurationPlatforms) = preSolution
		Debug|Any CPU = Debug|Any CPU
		Debug|x64 = Debug|x64
		Debug|x86 = Debug|x86
		Release|Any CPU = Release|Any CPU
		Release|x64 = Release|x64
		Release|x86 = Release|x86
	EndGlobalSection
	GlobalSection(ProjectConfigurationPlatforms) = postSolution
		{AC1B47BF-8B70-4D0A-8879-057A41BFD05A}.Debug|Any CPU.ActiveCfg = Debug|Any CPU
		{AC1B47BF-8B70-4D0A-8879-057A41BFD05A}.Debug|Any CPU.Build.0 = Debug|Any CPU
		{AC1B47BF-8B70-4D0A-8879-057A41BFD05A}.Debug|x64.ActiveCfg = Debug|x64
		{AC1B47BF-8B70-4D0A-8879-057A41BFD05A}.Debug|x64.Build.0 = Debug|x64
		{AC1B47BF-8B70-4D0A-8879-057A41BFD05A}.Debug|x86.ActiveCfg = Debug|x86
		{AC1B47BF-8B70-4D0A-8879-057A41BFD05A}.Debug|x86.Build.0 = Debug|x86
		{AC1B47BF-8B70-4D0A-8879-057A41BFD05A}.Release|Any CPU.ActiveCfg = Release|Any CPU
		{AC1B47BF-8B70-4D0A-8879-057A41BFD05A}.Release|Any CPU.Build.0 = Release|Any CPU
		{AC1B47BF-8B70-4D0A-8879-057A41BFD05A}.Release|x64.ActiveCfg = Release|x64
		{AC1B47BF-8B70-4D0A-8879-057A41BFD05A}.Release|x64.Build.0 = Release|x64
		{AC1B47BF-8B70-4D0A-8879-057A41BFD05A}.Release|x86.ActiveCfg = Release|x86
		{AC1B47BF-8B70-4D0A-8879-057A41BFD05A}.Release|x86.Build.0 = Release|x86
	EndGlobalSection
	GlobalSection(SolutionProperties) = preSolution
		HideSolutionNode = FALSE
	EndGlobalSection
	GlobalSection(ExtensibilityGlobals) = postSolution
		SolutionGuid = {AB382F1B-C754-41F8-BB7B-334D4E91D700}
	EndGlobalSection
EndGlobal
